lockfileVersion: '9.0'

settings:
  autoInstallPeers: true
  excludeLinksFromLockfile: false

importers:

  .:
    devDependencies:
      '@cloudflare/workers-types':
        specifier: ^4.20260624.1
        version: 4.20260624.1

packages:

  '@cloudflare/workers-types@4.20260624.1':
    resolution: {integrity: sha512-o8i70Nycnm6KpPPfdjHek09IkG3hoIAv88d1pn90Djn2oXcQ35dYuzKYZUBd0eE2Tpsd5yz8L/a6FvI6CKFBQw==}

snapshots:

  '@cloudflare/workers-types@4.20260624.1': {}
